
Microsoft Visual Studio Solution File, Format Version 12.00
# Visual Studio 14
VisualStudioVersion = 14.0.25420.1
MinimumVisualStudioVersion = 10.0.40219.1
Project("{FAE04EC0-301F-11D3-BF4B-00C04F79EFBC}") = "Cats", "Cats\Cats.csproj", "{858D4DB6-6F31-4AB0-9F55-29297811D04D}"
EndProject
Project("{FAE04EC0-301F-11D3-BF4B-00C04F79EFBC}") = "Cats.Droid", "Cats.Droid\Cats.Droid.csproj", "{432BF2E0-F5C3-49F7-B124-A491BFCF152A}"
EndProject
Project("{FAE04EC0-301F-11D3-BF4B-00C04F79EFBC}") = "Cats.iOS", "Cats.iOS\Cats.iOS.csproj", "{FD313C1E-1D08-41DD-A1D1-0471F6A28758}"
EndProject
Project("{FAE04EC0-301F-11D3-BF4B-00C04F79EFBC}") = "Cats.UWP", "Cats.UWP\Cats.UWP.csproj", "{04CE7030-207B-46E9-85A9-10028593E661}"
EndProject
Global
	GlobalSection(SolutionConfigurationPlatforms) = preSolution
		Ad-Hoc|Any CPU = Ad-Hoc|Any CPU
		Ad-Hoc|ARM = Ad-Hoc|ARM
		Ad-Hoc|iPhone = Ad-Hoc|iPhone
		Ad-Hoc|iPhoneSimulator = Ad-Hoc|iPhoneSimulator
		Ad-Hoc|x64 = Ad-Hoc|x64
		Ad-Hoc|x86 = Ad-Hoc|x86
		AppStore|Any CPU = AppStore|Any CPU
		AppStore|ARM = AppStore|ARM
		AppStore|iPhone = AppStore|iPhone
		AppStore|iPhoneSimulator = AppStore|iPhoneSimulator
		AppStore|x64 = AppStore|x64
		AppStore|x86 = AppStore|x86
		Debug|Any CPU = Debug|Any CPU
		Debug|ARM = Debug|ARM
		Debug|iPhone = Debug|iPhone
		Debug|iPhoneSimulator = Debug|iPhoneSimulator
		Debug|x64 = Debug|x64
		Debug|x86 = Debug|x86
		Release|Any CPU = Release|Any CPU
		Release|ARM = Release|ARM
		Release|iPhone = Release|iPhone
		Release|iPhoneSimulator = Release|iPhoneSimulator
		Release|x64 = Release|x64
		Release|x86 = Release|x86
	EndGlobalSection
	GlobalSection(ProjectConfigurationPlatforms) = postSolution
		{858D4DB6-6F31-4AB0-9F55-29297811D04D}.Ad-Hoc|Any CPU.ActiveCfg = Release|Any CPU
		{858D4DB6-6F31-4AB0-9F55-29297811D04D}.Ad-Hoc|Any CPU.Build.0 = Release|Any CPU
		{858D4DB6-6F31-4AB0-9F55-29297811D04D}.Ad-Hoc|ARM.ActiveCfg = Release|Any CPU
		{858D4DB6-6F31-4AB0-9F55-29297811D04D}.Ad-Hoc|ARM.Build.0 = Release|Any CPU
		{858D4DB6-6F31-4AB0-9F55-29297811D04D}.Ad-Hoc|iPhone.ActiveCfg = Release|Any CPU
		{858D4DB6-6F31-4AB0-9F55-29297811D04D}.Ad-Hoc|iPhone.Build.0 = Release|Any CPU
		{858D4DB6-6F31-4AB0-9F55-29297811D04D}.Ad-Hoc|iPhoneSimulator.ActiveCfg = Release|Any CPU
		{858D4DB6-6F31-4AB0-9F55-29297811D04D}.Ad-Hoc|iPhoneSimulator.Build.0 = Release|Any CPU
		{858D4DB6-6F31-4AB0-9F55-29297811D04D}.Ad-Hoc|x64.ActiveCfg = Release|Any CPU
		{858D4DB6-6F31-4AB0-9F55-29297811D04D}.Ad-Hoc|x64.Build.0 = Release|Any CPU
		{858D4DB6-6F31-4AB0-9F55-29297811D04D}.Ad-Hoc|x86.ActiveCfg = Release|Any CPU
		{858D4DB6-6F31-4AB0-9F55-29297811D04D}.Ad-Hoc|x86.Build.0 = Release|Any CPU
		{858D4DB6-6F31-4AB0-9F55-29297811D04D}.AppStore|Any CPU.ActiveCfg = Release|Any CPU
		{858D4DB6-6F31-4AB0-9F55-29297811D04D}.AppStore|Any CPU.Build.0 = Release|Any CPU
		{858D4DB6-6F31-4AB0-9F55-29297811D04D}.AppStore|ARM.ActiveCfg = Release|Any CPU
		{858D4DB6-6F31-4AB0-9F55-29297811D04D}.AppStore|ARM.Build.0 = Release|Any CPU
		{858D4DB6-6F31-4AB0-9F55-29297811D04D}.AppStore|iPhone.ActiveCfg = Release|Any CPU
		{858D4DB6-6F31-4AB0-9F55-29297811D04D}.AppStore|iPhone.Build.0 = Release|Any CPU
		{858D4DB6-6F31-4AB0-9F55-29297811D04D}.AppStore|iPhoneSimulator.ActiveCfg = Release|Any CPU
		{858D4DB6-6F31-4AB0-9F55-29297811D04D}.AppStore|iPhoneSimulator.Build.0 = Release|Any CPU
		{858D4DB6-6F31-4AB0-9F55-29297811D04D}.AppStore|x64.ActiveCfg = Release|Any CPU
		{858D4DB6-6F31-4AB0-9F55-29297811D04D}.AppStore|x64.Build.0 = Release|Any CPU
		{858D4DB6-6F31-4AB0-9F55-29297811D04D}.AppStore|x86.ActiveCfg = Release|Any CPU
		{858D4DB6-6F31-4AB0-9F55-29297811D04D}.AppStore|x86.Build.0 = Release|Any CPU
		{858D4DB6-6F31-4AB0-9F55-29297811D04D}.Debug|Any CPU.ActiveCfg = Debug|Any CPU
		{858D4DB6-6F31-4AB0-9F55-29297811D04D}.Debug|Any CPU.Build.0 = Debug|Any CPU
		{858D4DB6-6F31-4AB0-9F55-29297811D04D}.Debug|ARM.ActiveCfg = Debug|Any CPU
		{858D4DB6-6F31-4AB0-9F55-29297811D04D}.Debug|ARM.Build.0 = Debug|Any CPU
		{858D4DB6-6F31-4AB0-9F55-29297811D04D}.Debug|iPhone.ActiveCfg = Debug|Any CPU
		{858D4DB6-6F31-4AB0-9F55-29297811D04D}.Debug|iPhone.Build.0 = Debug|Any CPU
		{858D4DB6-6F31-4AB0-9F55-29297811D04D}.Debug|iPhoneSimulator.ActiveCfg = Debug|Any CPU
		{858D4DB6-6F31-4AB0-9F55-29297811D04D}.Debug|iPhoneSimulator.Build.0 = Debug|Any CPU
		{858D4DB6-6F31-4AB0-9F55-29297811D04D}.Debug|x64.ActiveCfg = Debug|Any CPU
		{858D4DB6-6F31-4AB0-9F55-29297811D04D}.Debug|x64.Build.0 = Debug|Any CPU
		{858D4DB6-6F31-4AB0-9F55-29297811D04D}.Debug|x86.ActiveCfg = Debug|Any CPU
		{858D4DB6-6F31-4AB0-9F55-29297811D04D}.Debug|x86.Build.0 = Debug|Any CPU
		{858D4DB6-6F31-4AB0-9F55-29297811D04D}.Release|Any CPU.ActiveCfg = Release|Any CPU
		{858D4DB6-6F31-4AB0-9F55-29297811D04D}.Release|Any CPU.Build.0 = Release|Any CPU
		{858D4DB6-6F31-4AB0-9F55-29297811D04D}.Release|ARM.ActiveCfg = Release|Any CPU
		{858D4DB6-6F31-4AB0-9F55-29297811D04D}.Release|ARM.Build.0 = Release|Any CPU
		{858D4DB6-6F31-4AB0-9F55-29297811D04D}.Release|iPhone.ActiveCfg = Release|Any CPU
		{858D4DB6-6F31-4AB0-9F55-29297811D04D}.Release|iPhone.Build.0 = Release|Any CPU
		{858D4DB6-6F31-4AB0-9F55-29297811D04D}.Release|iPhoneSimulator.ActiveCfg = Release|Any CPU
		{858D4DB6-6F31-4AB0-9F55-29297811D04D}.Release|iPhoneSimulator.Build.0 = Release|Any CPU
		{858D4DB6-6F31-4AB0-9F55-29297811D04D}.Release|x64.ActiveCfg = Release|Any CPU
		{858D4DB6-6F31-4AB0-9F55-29297811D04D}.Release|x64.Build.0 = Release|Any CPU
		{858D4DB6-6F31-4AB0-9F55-29297811D04D}.Release|x86.ActiveCfg = Release|Any CPU
		{858D4DB6-6F31-4AB0-9F55-29297811D04D}.Release|x86.Build.0 = Release|Any CPU
		{432BF2E0-F5C3-49F7-B124-A491BFCF152A}.Ad-Hoc|Any CPU.ActiveCfg = Release|Any CPU
		{432BF2E0-F5C3-49F7-B124-A491BFCF152A}.Ad-Hoc|Any CPU.Build.0 = Release|Any CPU
		{432BF2E0-F5C3-49F7-B124-A491BFCF152A}.Ad-Hoc|Any CPU.Deploy.0 = Release|Any CPU
		{432BF2E0-F5C3-49F7-B124-A491BFCF152A}.Ad-Hoc|ARM.ActiveCfg = Release|Any CPU
		{432BF2E0-F5C3-49F7-B124-A491BFCF152A}.Ad-Hoc|ARM.Build.0 = Release|Any CPU
		{432BF2E0-F5C3-49F7-B124-A491BFCF152A}.Ad-Hoc|ARM.Deploy.0 = Release|Any CPU
		{432BF2E0-F5C3-49F7-B124-A491BFCF152A}.Ad-Hoc|iPhone.ActiveCfg = Release|Any CPU
		{432BF2E0-F5C3-49F7-B124-A491BFCF152A}.Ad-Hoc|iPhone.Build.0 = Release|Any CPU
		{432BF2E0-F5C3-49F7-B124-A491BFCF152A}.Ad-Hoc|iPhone.Deploy.0 = Release|Any CPU
		{432BF2E0-F5C3-49F7-B124-A491BFCF152A}.Ad-Hoc|iPhoneSimulator.ActiveCfg = Release|Any CPU
		{432BF2E0-F5C3-49F7-B124-A491BFCF152A}.Ad-Hoc|iPhoneSimulator.Build.0 = Release|Any CPU
		{432BF2E0-F5C3-49F7-B124-A491BFCF152A}.Ad-Hoc|iPhoneSimulator.Deploy.0 = Release|Any CPU
		{432BF2E0-F5C3-49F7-B124-A491BFCF152A}.Ad-Hoc|x64.ActiveCfg = Release|Any CPU
		{432BF2E0-F5C3-49F7-B124-A491BFCF152A}.Ad-Hoc|x64.Build.0 = Release|Any CPU
		{432BF2E0-F5C3-49F7-B124-A491BFCF152A}.Ad-Hoc|x64.Deploy.0 = Release|Any CPU
		{432BF2E0-F5C3-49F7-B124-A491BFCF152A}.Ad-Hoc|x86.ActiveCfg = Release|Any CPU
		{432BF2E0-F5C3-49F7-B124-A491BFCF152A}.Ad-Hoc|x86.Build.0 = Release|Any CPU
		{432BF2E0-F5C3-49F7-B124-A491BFCF152A}.Ad-Hoc|x86.Deploy.0 = Release|Any CPU
		{432BF2E0-F5C3-49F7-B124-A491BFCF152A}.AppStore|Any CPU.ActiveCfg = Release|Any CPU
		{432BF2E0-F5C3-49F7-B124-A491BFCF152A}.AppStore|Any CPU.Build.0 = Release|Any CPU
		{432BF2E0-F5C3-49F7-B124-A491BFCF152A}.AppStore|Any CPU.Deploy.0 = Release|Any CPU
		{432BF2E0-F5C3-49F7-B124-A491BFCF152A}.AppStore|ARM.ActiveCfg = Release|Any CPU
		{432BF2E0-F5C3-49F7-B124-A491BFCF152A}.AppStore|ARM.Build.0 = Release|Any CPU
		{432BF2E0-F5C3-49F7-B124-A491BFCF152A}.AppStore|ARM.Deploy.0 = Release|Any CPU
		{432BF2E0-F5C3-49F7-B124-A491BFCF152A}.AppStore|iPhone.ActiveCfg = Release|Any CPU
		{432BF2E0-F5C3-49F7-B124-A491BFCF152A}.AppStore|iPhone.Build.0 = Release|Any CPU
		{432BF2E0-F5C3-49F7-B124-A491BFCF152A}.AppStore|iPhone.Deploy.0 = Release|Any CPU
		{432BF2E0-F5C3-49F7-B124-A491BFCF152A}.AppStore|iPhoneSimulator.ActiveCfg = Release|Any CPU
		{432BF2E0-F5C3-49F7-B124-A491BFCF152A}.AppStore|iPhoneSimulator.Build.0 = Release|Any CPU
		{432BF2E0-F5C3-49F7-B124-A491BFCF152A}.AppStore|iPhoneSimulator.Deploy.0 = Release|Any CPU
		{432BF2E0-F5C3-49F7-B124-A491BFCF152A}.AppStore|x64.ActiveCfg = Release|Any CPU
		{432BF2E0-F5C3-49F7-B124-A491BFCF152A}.AppStore|x64.Build.0 = Release|Any CPU
		{432BF2E0-F5C3-49F7-B124-A491BFCF152A}.AppStore|x64.Deploy.0 = Release|Any CPU
		{432BF2E0-F5C3-49F7-B124-A491BFCF152A}.AppStore|x86.ActiveCfg = Release|Any CPU
		{432BF2E0-F5C3-49F7-B124-A491BFCF152A}.AppStore|x86.Build.0 = Release|Any CPU
		{432BF2E0-F5C3-49F7-B124-A491BFCF152A}.AppStore|x86.Deploy.0 = Release|Any CPU
		{432BF2E0-F5C3-49F7-B124-A491BFCF152A}.Debug|Any CPU.ActiveCfg = Debug|Any CPU
		{432BF2E0-F5C3-49F7-B124-A491BFCF152A}.Debug|Any CPU.Build.0 = Debug|Any CPU
		{432BF2E0-F5C3-49F7-B124-A491BFCF152A}.Debug|Any CPU.Deploy.0 = Debug|Any CPU
		{432BF2E0-F5C3-49F7-B124-A491BFCF152A}.Debug|ARM.ActiveCfg = Debug|Any CPU
		{432BF2E0-F5C3-49F7-B124-A491BFCF152A}.Debug|ARM.Build.0 = Debug|Any CPU
		{432BF2E0-F5C3-49F7-B124-A491BFCF152A}.Debug|ARM.Deploy.0 = Debug|Any CPU
		{432BF2E0-F5C3-49F7-B124-A491BFCF152A}.Debug|iPhone.ActiveCfg = Debug|Any CPU
		{432BF2E0-F5C3-49F7-B124-A491BFCF152A}.Debug|iPhone.Build.0 = Debug|Any CPU
		{432BF2E0-F5C3-49F7-B124-A491BFCF152A}.Debug|iPhone.Deploy.0 = Debug|Any CPU
		{432BF2E0-F5C3-49F7-B124-A491BFCF152A}.Debug|iPhoneSimulator.ActiveCfg = Debug|Any CPU
		{432BF2E0-F5C3-49F7-B124-A491BFCF152A}.Debug|iPhoneSimulator.Build.0 = Debug|Any CPU
		{432BF2E0-F5C3-49F7-B124-A491BFCF152A}.Debug|iPhoneSimulator.Deploy.0 = Debug|Any CPU
		{432BF2E0-F5C3-49F7-B124-A491BFCF152A}.Debug|x64.ActiveCfg = Debug|Any CPU
		{432BF2E0-F5C3-49F7-B124-A491BFCF152A}.Debug|x64.Build.0 = Debug|Any CPU
		{432BF2E0-F5C3-49F7-B124-A491BFCF152A}.Debug|x64.Deploy.0 = Debug|Any CPU
		{432BF2E0-F5C3-49F7-B124-A491BFCF152A}.Debug|x86.ActiveCfg = Debug|Any CPU
		{432BF2E0-F5C3-49F7-B124-A491BFCF152A}.Debug|x86.Build.0 = Debug|Any CPU
		{432BF2E0-F5C3-49F7-B124-A491BFCF152A}.Debug|x86.Deploy.0 = Debug|Any CPU
		{432BF2E0-F5C3-49F7-B124-A491BFCF152A}.Release|Any CPU.ActiveCfg = Release|Any CPU
		{432BF2E0-F5C3-49F7-B124-A491BFCF152A}.Release|Any CPU.Build.0 = Release|Any CPU
		{432BF2E0-F5C3-49F7-B124-A491BFCF152A}.Release|Any CPU.Deploy.0 = Release|Any CPU
		{432BF2E0-F5C3-49F7-B124-A491BFCF152A}.Release|ARM.ActiveCfg = Release|Any CPU
		{432BF2E0-F5C3-49F7-B124-A491BFCF152A}.Release|ARM.Build.0 = Release|Any CPU
		{432BF2E0-F5C3-49F7-B124-A491BFCF152A}.Release|ARM.Deploy.0 = Release|Any CPU
		{432BF2E0-F5C3-49F7-B124-A491BFCF152A}.Release|iPhone.ActiveCfg = Release|Any CPU
		{432BF2E0-F5C3-49F7-B124-A491BFCF152A}.Release|iPhone.Build.0 = Release|Any CPU
		{432BF2E0-F5C3-49F7-B124-A491BFCF152A}.Release|iPhone.Deploy.0 = Release|Any CPU
		{432BF2E0-F5C3-49F7-B124-A491BFCF152A}.Release|iPhoneSimulator.ActiveCfg = Release|Any CPU
		{432BF2E0-F5C3-49F7-B124-A491BFCF152A}.Release|iPhoneSimulator.Build.0 = Release|Any CPU
		{432BF2E0-F5C3-49F7-B124-A491BFCF152A}.Release|iPhoneSimulator.Deploy.0 = Release|Any CPU
		{432BF2E0-F5C3-49F7-B124-A491BFCF152A}.Release|x64.ActiveCfg = Release|Any CPU
		{432BF2E0-F5C3-49F7-B124-A491BFCF152A}.Release|x64.Build.0 = Release|Any CPU
		{432BF2E0-F5C3-49F7-B124-A491BFCF152A}.Release|x64.Deploy.0 = Release|Any CPU
		{432BF2E0-F5C3-49F7-B124-A491BFCF152A}.Release|x86.ActiveCfg = Release|Any CPU
		{432BF2E0-F5C3-49F7-B124-A491BFCF152A}.Release|x86.Build.0 = Release|Any CPU
		{432BF2E0-F5C3-49F7-B124-A491BFCF152A}.Release|x86.Deploy.0 = Release|Any CPU
		{FD313C1E-1D08-41DD-A1D1-0471F6A28758}.Ad-Hoc|Any CPU.ActiveCfg = Ad-Hoc|iPhone
		{FD313C1E-1D08-41DD-A1D1-0471F6A28758}.Ad-Hoc|ARM.ActiveCfg = Ad-Hoc|iPhone
		{FD313C1E-1D08-41DD-A1D1-0471F6A28758}.Ad-Hoc|iPhone.ActiveCfg = Ad-Hoc|iPhone
		{FD313C1E-1D08-41DD-A1D1-0471F6A28758}.Ad-Hoc|iPhone.Build.0 = Ad-Hoc|iPhone
		{FD313C1E-1D08-41DD-A1D1-0471F6A28758}.Ad-Hoc|iPhoneSimulator.ActiveCfg = Ad-Hoc|iPhoneSimulator
		{FD313C1E-1D08-41DD-A1D1-0471F6A28758}.Ad-Hoc|iPhoneSimulator.Build.0 = Ad-Hoc|iPhoneSimulator
		{FD313C1E-1D08-41DD-A1D1-0471F6A28758}.Ad-Hoc|x64.ActiveCfg = Ad-Hoc|iPhone
		{FD313C1E-1D08-41DD-A1D1-0471F6A28758}.Ad-Hoc|x86.ActiveCfg = Ad-Hoc|iPhone
		{FD313C1E-1D08-41DD-A1D1-0471F6A28758}.AppStore|Any CPU.ActiveCfg = AppStore|iPhone
		{FD313C1E-1D08-41DD-A1D1-0471F6A28758}.AppStore|ARM.ActiveCfg = AppStore|iPhone
		{FD313C1E-1D08-41DD-A1D1-0471F6A28758}.AppStore|iPhone.ActiveCfg = AppStore|iPhone
		{FD313C1E-1D08-41DD-A1D1-0471F6A28758}.AppStore|iPhone.Build.0 = AppStore|iPhone
		{FD313C1E-1D08-41DD-A1D1-0471F6A28758}.AppStore|iPhoneSimulator.ActiveCfg = AppStore|iPhoneSimulator
		{FD313C1E-1D08-41DD-A1D1-0471F6A28758}.AppStore|iPhoneSimulator.Build.0 = AppStore|iPhoneSimulator
		{FD313C1E-1D08-41DD-A1D1-0471F6A28758}.AppStore|x64.ActiveCfg = AppStore|iPhone
		{FD313C1E-1D08-41DD-A1D1-0471F6A28758}.AppStore|x86.ActiveCfg = AppStore|iPhone
		{FD313C1E-1D08-41DD-A1D1-0471F6A28758}.Debug|Any CPU.ActiveCfg = Debug|iPhone
		{FD313C1E-1D08-41DD-A1D1-0471F6A28758}.Debug|ARM.ActiveCfg = Debug|iPhone
		{FD313C1E-1D08-41DD-A1D1-0471F6A28758}.Debug|iPhone.ActiveCfg = Debug|iPhone
		{FD313C1E-1D08-41DD-A1D1-0471F6A28758}.Debug|iPhone.Build.0 = Debug|iPhone
		{FD313C1E-1D08-41DD-A1D1-0471F6A28758}.Debug|iPhoneSimulator.ActiveCfg = Debug|iPhoneSimulator
		{FD313C1E-1D08-41DD-A1D1-0471F6A28758}.Debug|iPhoneSimulator.Build.0 = Debug|iPhoneSimulator
		{FD313C1E-1D08-41DD-A1D1-0471F6A28758}.Debug|x64.ActiveCfg = Debug|iPhone
		{FD313C1E-1D08-41DD-A1D1-0471F6A28758}.Debug|x86.ActiveCfg = Debug|iPhone
		{FD313C1E-1D08-41DD-A1D1-0471F6A28758}.Release|Any CPU.ActiveCfg = Release|iPhone
		{FD313C1E-1D08-41DD-A1D1-0471F6A28758}.Release|ARM.ActiveCfg = Release|iPhone
		{FD313C1E-1D08-41DD-A1D1-0471F6A28758}.Release|iPhone.ActiveCfg = Release|iPhone
		{FD313C1E-1D08-41DD-A1D1-0471F6A28758}.Release|iPhone.Build.0 = Release|iPhone
		{FD313C1E-1D08-41DD-A1D1-0471F6A28758}.Release|iPhoneSimulator.ActiveCfg = Release|iPhoneSimulator
		{FD313C1E-1D08-41DD-A1D1-0471F6A28758}.Release|iPhoneSimulator.Build.0 = Release|iPhoneSimulator
		{FD313C1E-1D08-41DD-A1D1-0471F6A28758}.Release|x64.ActiveCfg = Release|iPhone
		{FD313C1E-1D08-41DD-A1D1-0471F6A28758}.Release|x86.ActiveCfg = Release|iPhone
		{04CE7030-207B-46E9-85A9-10028593E661}.Ad-Hoc|Any CPU.ActiveCfg = Release|x86
		{04CE7030-207B-46E9-85A9-10028593E661}.Ad-Hoc|Any CPU.Build.0 = Release|x86
		{04CE7030-207B-46E9-85A9-10028593E661}.Ad-Hoc|Any CPU.Deploy.0 = Release|x86
		{04CE7030-207B-46E9-85A9-10028593E661}.Ad-Hoc|ARM.ActiveCfg = Release|ARM
		{04CE7030-207B-46E9-85A9-10028593E661}.Ad-Hoc|ARM.Build.0 = Release|ARM
		{04CE7030-207B-46E9-85A9-10028593E661}.Ad-Hoc|ARM.Deploy.0 = Release|ARM
		{04CE7030-207B-46E9-85A9-10028593E661}.Ad-Hoc|iPhone.ActiveCfg = Release|x86
		{04CE7030-207B-46E9-85A9-10028593E661}.Ad-Hoc|iPhone.Build.0 = Release|x86
		{04CE7030-207B-46E9-85A9-10028593E661}.Ad-Hoc|iPhone.Deploy.0 = Release|x86
		{04CE7030-207B-46E9-85A9-10028593E661}.Ad-Hoc|iPhoneSimulator.ActiveCfg = Release|x86
		{04CE7030-207B-46E9-85A9-10028593E661}.Ad-Hoc|iPhoneSimulator.Build.0 = Release|x86
		{04CE7030-207B-46E9-85A9-10028593E661}.Ad-Hoc|iPhoneSimulator.Deploy.0 = Release|x86
		{04CE7030-207B-46E9-85A9-10028593E661}.Ad-Hoc|x64.ActiveCfg = Release|x64
		{04CE7030-207B-46E9-85A9-10028593E661}.Ad-Hoc|x64.Build.0 = Release|x64
		{04CE7030-207B-46E9-85A9-10028593E661}.Ad-Hoc|x64.Deploy.0 = Release|x64
		{04CE7030-207B-46E9-85A9-10028593E661}.Ad-Hoc|x86.ActiveCfg = Release|x86
		{04CE7030-207B-46E9-85A9-10028593E661}.Ad-Hoc|x86.Build.0 = Release|x86
		{04CE7030-207B-46E9-85A9-10028593E661}.Ad-Hoc|x86.Deploy.0 = Release|x86
		{04CE7030-207B-46E9-85A9-10028593E661}.AppStore|Any CPU.ActiveCfg = Release|x86
		{04CE7030-207B-46E9-85A9-10028593E661}.AppStore|Any CPU.Build.0 = Release|x86
		{04CE7030-207B-46E9-85A9-10028593E661}.AppStore|Any CPU.Deploy.0 = Release|x86
		{04CE7030-207B-46E9-85A9-10028593E661}.AppStore|ARM.ActiveCfg = Release|ARM
		{04CE7030-207B-46E9-85A9-10028593E661}.AppStore|ARM.Build.0 = Release|ARM
		{04CE7030-207B-46E9-85A9-10028593E661}.AppStore|ARM.Deploy.0 = Release|ARM
		{04CE7030-207B-46E9-85A9-10028593E661}.AppStore|iPhone.ActiveCfg = Release|x86
		{04CE7030-207B-46E9-85A9-10028593E661}.AppStore|iPhone.Build.0 = Release|x86
		{04CE7030-207B-46E9-85A9-10028593E661}.AppStore|iPhone.Deploy.0 = Release|x86
		{04CE7030-207B-46E9-85A9-10028593E661}.AppStore|iPhoneSimulator.ActiveCfg = Release|x86
		{04CE7030-207B-46E9-85A9-10028593E661}.AppStore|iPhoneSimulator.Build.0 = Release|x86
		{04CE7030-207B-46E9-85A9-10028593E661}.AppStore|iPhoneSimulator.Deploy.0 = Release|x86
		{04CE7030-207B-46E9-85A9-10028593E661}.AppStore|x64.ActiveCfg = Release|x64
		{04CE7030-207B-46E9-85A9-10028593E661}.AppStore|x64.Build.0 = Release|x64
		{04CE7030-207B-46E9-85A9-10028593E661}.AppStore|x64.Deploy.0 = Release|x64
		{04CE7030-207B-46E9-85A9-10028593E661}.AppStore|x86.ActiveCfg = Release|x86
		{04CE7030-207B-46E9-85A9-10028593E661}.AppStore|x86.Build.0 = Release|x86
		{04CE7030-207B-46E9-85A9-10028593E661}.AppStore|x86.Deploy.0 = Release|x86
		{04CE7030-207B-46E9-85A9-10028593E661}.Debug|Any CPU.ActiveCfg = Debug|x86
		{04CE7030-207B-46E9-85A9-10028593E661}.Debug|ARM.ActiveCfg = Debug|ARM
		{04CE7030-207B-46E9-85A9-10028593E661}.Debug|ARM.Build.0 = Debug|ARM
		{04CE7030-207B-46E9-85A9-10028593E661}.Debug|ARM.Deploy.0 = Debug|ARM
		{04CE7030-207B-46E9-85A9-10028593E661}.Debug|iPhone.ActiveCfg = Debug|x86
		{04CE7030-207B-46E9-85A9-10028593E661}.Debug|iPhoneSimulator.ActiveCfg = Debug|x86
		{04CE7030-207B-46E9-85A9-10028593E661}.Debug|x64.ActiveCfg = Debug|x64
		{04CE7030-207B-46E9-85A9-10028593E661}.Debug|x64.Build.0 = Debug|x64
		{04CE7030-207B-46E9-85A9-10028593E661}.Debug|x64.Deploy.0 = Debug|x64
		{04CE7030-207B-46E9-85A9-10028593E661}.Debug|x86.ActiveCfg = Debug|x86
		{04CE7030-207B-46E9-85A9-10028593E661}.Debug|x86.Build.0 = Debug|x86
		{04CE7030-207B-46E9-85A9-10028593E661}.Debug|x86.Deploy.0 = Debug|x86
		{04CE7030-207B-46E9-85A9-10028593E661}.Release|Any CPU.ActiveCfg = Release|x86
		{04CE7030-207B-46E9-85A9-10028593E661}.Release|ARM.ActiveCfg = Release|ARM
		{04CE7030-207B-46E9-85A9-10028593E661}.Release|ARM.Build.0 = Release|ARM
		{04CE7030-207B-46E9-85A9-10028593E661}.Release|ARM.Deploy.0 = Release|ARM
		{04CE7030-207B-46E9-85A9-10028593E661}.Release|iPhone.ActiveCfg = Release|x86
		{04CE7030-207B-46E9-85A9-10028593E661}.Release|iPhoneSimulator.ActiveCfg = Release|x86
		{04CE7030-207B-46E9-85A9-10028593E661}.Release|x64.ActiveCfg = Release|x64
		{04CE7030-207B-46E9-85A9-10028593E661}.Release|x64.Build.0 = Release|x64
		{04CE7030-207B-46E9-85A9-10028593E661}.Release|x64.Deploy.0 = Release|x64
		{04CE7030-207B-46E9-85A9-10028593E661}.Release|x86.ActiveCfg = Release|x86
		{04CE7030-207B-46E9-85A9-10028593E661}.Release|x86.Build.0 = Release|x86
		{04CE7030-207B-46E9-85A9-10028593E661}.Release|x86.Deploy.0 = Release|x86
	EndGlobalSection
	GlobalSection(SolutionProperties) = preSolution
		HideSolutionNode = FALSE
	EndGlobalSection
EndGlobal
